// !$*UTF8*$!
{
	archiveVersion = 1;
	classes = {
	};
	objectVersion = 48;
	objects = {

/* Begin PBXBuildFile section */
		0D5E92D820510BB5006BBFDB /* AppDelegate.m in Sources */ = {isa = PBXBuildFile; fileRef = 0D5E92D720510BB5006BBFDB /* AppDelegate.m */; };
		0D5E92DB20510BB5006BBFDB /* ViewController.m in Sources */ = {isa = PBXBuildFile; fileRef = 0D5E92DA20510BB5006BBFDB /* ViewController.m */; };
		0D5E92DE20510BB5006BBFDB /* Main.storyboard in Resources */ = {isa = PBXBuildFile; fileRef = 0D5E92DC20510BB5006BBFDB /* Main.storyboard */; };
		0D5E92E020510BB5006BBFDB /* Assets.xcassets in Resources */ = {isa = PBXBuildFile; fileRef = 0D5E92DF20510BB5006BBFDB /* Assets.xcassets */; };
		0D5E92E320510BB5006BBFDB /* LaunchScreen.storyboard in Resources */ = {isa = PBXBuildFile; fileRef = 0D5E92E120510BB5006BBFDB /* LaunchScreen.storyboard */; };
		0D5E92E620510BB5006BBFDB /* main.m in Sources */ = {isa = PBXBuildFile; fileRef = 0D5E92E520510BB5006BBFDB /* main.m */; };
		0D5E92F020510BB6006BBFDB /* MyP4WordTests.m in Sources */ = {isa = PBXBuildFile; fileRef = 0D5E92EF20510BB6006BBFDB /* MyP4WordTests.m */; };
		0D5E92FB20510BB6006BBFDB /* MyP4WordUITests.m in Sources */ = {isa = PBXBuildFile; fileRef = 0D5E92FA20510BB6006BBFDB /* MyP4WordUITests.m */; };
/* End PBXBuildFile section */

/* Begin PBXContainerItemProxy section */
		0D5E92EC20510BB6006BBFDB /* PBXContainerItemProxy */ = {
			isa = PBXContainerItemProxy;
			containerPortal = 0D5E92CB20510BB5006BBFDB /* Project object */;
			proxyType = 1;
			remoteGlobalIDString = 0D5E92D220510BB5006BBFDB;
			remoteInfo = MyP4Word;
		};
		0D5E92F720510BB6006BBFDB /* PBXContainerItemProxy */ = {
			isa = PBXContainerItemProxy;
			containerPortal = 0D5E92CB20510BB5006BBFDB /* Project object */;
			proxyType = 1;
			remoteGlobalIDString = 0D5E92D220510BB5006BBFDB;
			remoteInfo = MyP4Word;
		};
/* End PBXContainerItemProxy section */

/* Begin PBXFileReference section */
		0D5E92D320510BB5006BBFDB /* MyP4Word.app */ = {isa = PBXFileReference; explicitFileType = wrapper.application; includeInIndex = 0; path = MyP4Word.app; sourceTree = BUILT_PRODUCTS_DIR; };
		0D5E92D620510BB5006BBFDB /* AppDelegate.h */ = {isa = PBXFileReference; lastKnownFileType = sourcecode.c.h; path = AppDelegate.h; sourceTree = "<group>"; };
		0D5E92D720510BB5006BBFDB /* AppDelegate.m */ = {isa = PBXFileReference; lastKnownFileType = sourcecode.c.objc; path = AppDelegate.m; sourceTree = "<group>"; };
		0D5E92D920510BB5006BBFDB /* ViewController.h */ = {isa = PBXFileReference; lastKnownFileType = sourcecode.c.h; path = ViewController.h; sourceTree = "<group>"; };
		0D5E92DA20510BB5006BBFDB /* ViewController.m */ = {isa = PBXFileReference; lastKnownFileType = sourcecode.c.objc; path = ViewController.m; sourceTree = "<group>"; };
		0D5E92DD20510BB5006BBFDB /* Base */ = {isa = PBXFileReference; lastKnownFileType = file.storyboard; name = Base; path = Base.lproj/Main.storyboard; sourceTree = "<group>"; };
		0D5E92DF20510BB5006BBFDB /* Assets.xcassets */ = {isa = PBXFileReference; lastKnownFileType = folder.assetcatalog; path = Assets.xcassets; sourceTree = "<group>"; };
		0D5E92E220510BB5006BBFDB /* Base */ = {isa = PBXFileReference; lastKnownFileType = file.storyboard; name = Base; path = Base.lproj/LaunchScreen.storyboard; sourceTree = "<group>"; };
		0D5E92E420510BB5006BBFDB /* Info.plist */ = {isa = PBXFileReference; lastKnownFileType = text.plist.xml; path = Info.plist; sourceTree = "<group>"; };
		0D5E92E520510BB5006BBFDB /* main.m */ = {isa = PBXFileReference; lastKnownFileType = sourcecode.c.objc; path = main.m; sourceTree = "<group>"; };
		0D5E92EB20510BB6006BBFDB /* MyP4WordTests.xctest */ = {isa = PBXFileReference; explicitFileType = wrapper.cfbundle; includeInIndex = 0; path = MyP4WordTests.xctest; sourceTree = BUILT_PRODUCTS_DIR; };
		0D5E92EF20510BB6006BBFDB /* MyP4WordTests.m */ = {isa = PBXFileReference; lastKnownFileType = sourcecode.c.objc; path = MyP4WordTests.m; sourceTree = "<group>"; };
		0D5E92F120510BB6006BBFDB /* Info.plist */ = {isa = PBXFileReference; lastKnownFileType = text.plist.xml; path = Info.plist; sourceTree = "<group>"; };
		0D5E92F620510BB6006BBFDB /* MyP4WordUITests.xctest */ = {isa = PBXFileReference; explicitFileType = wrapper.cfbundle; includeInIndex = 0; path = MyP4WordUITests.xctest; sourceTree = BUILT_PRODUCTS_DIR; };
		0D5E92FA20510BB6006BBFDB /* MyP4WordUITests.m */ = {isa = PBXFileReference; lastKnownFileType = sourcecode.c.objc; path = MyP4WordUITests.m; sourceTree = "<group>"; };
		0D5E92FC20510BB6006BBFDB /* Info.plist */ = {isa = PBXFileReference; lastKnownFileType = text.plist.xml; path = Info.plist; sourceTree = "<group>"; };
/* End PBXFileReference section */

/* Begin PBXFrameworksBuildPhase section */
		0D5E92D020510BB5006BBFDB /* Frameworks */ = {
			isa = PBXFrameworksBuildPhase;
			buildActionMask = 2147483647;
			files = (
			);
			runOnlyForDeploymentPostprocessing = 0;
		};
		0D5E92E820510BB6006BBFDB /* Frameworks */ = {
			isa = PBXFrameworksBuildPhase;
			buildActionMask = 2147483647;
			files = (
			);
			runOnlyForDeploymentPostprocessing = 0;
		};
		0D5E92F320510BB6006BBFDB /* Frameworks */ = {
			isa = PBXFrameworksBuildPhase;
			buildActionMask = 2147483647;
			files = (
			);
			runOnlyForDeploymentPostprocessing = 0;
		};
/* End PBXFrameworksBuildPhase section */

/* Begin PBXGroup section */
		0D5E92CA20510BB5006BBFDB = {
			isa = PBXGroup;
			children = (
				0D5E92D520510BB5006BBFDB /* MyP4Word */,
				0D5E92EE20510BB6006BBFDB /* MyP4WordTests */,
				0D5E92F920510BB6006BBFDB /* MyP4WordUITests */,
				0D5E92D420510BB5006BBFDB /* Products */,
			);
			sourceTree = "<group>";
		};
		0D5E92D420510BB5006BBFDB /* Products */ = {
			isa = PBXGroup;
			children = (
				0D5E92D320510BB5006BBFDB /* MyP4Word.app */,
				0D5E92EB20510BB6006BBFDB /* MyP4WordTests.xctest */,
				0D5E92F620510BB6006BBFDB /* MyP4WordUITests.xctest */,
			);
			name = Products;
			sourceTree = "<group>";
		};
		0D5E92D520510BB5006BBFDB /* MyP4Word */ = {
			isa = PBXGroup;
			children = (
				0D5E92D620510BB5006BBFDB /* AppDelegate.h */,
				0D5E92D720510BB5006BBFDB /* AppDelegate.m */,
				0D5E92D920510BB5006BBFDB /* ViewController.h */,
				0D5E92DA20510BB5006BBFDB /* ViewController.m */,
				0D5E92DC20510BB5006BBFDB /* Main.storyboard */,
				0D5E92DF20510BB5006BBFDB /* Assets.xcassets */,
				0D5E92E120510BB5006BBFDB /* LaunchScreen.storyboard */,
				0D5E92E420510BB5006BBFDB /* Info.plist */,
				0D5E92E520510BB5006BBFDB /* main.m */,
			);
			path = MyP4Word;
			sourceTree = "<group>";
		};
		0D5E92EE20510BB6006BBFDB /* MyP4WordTests */ = {
			isa = PBXGroup;
			children = (
				0D5E92EF20510BB6006BBFDB /* MyP4WordTests.m */,
				0D5E92F120510BB6006BBFDB /* Info.plist */,
			);
			path = MyP4WordTests;
			sourceTree = "<group>";
		};
		0D5E92F920510BB6006BBFDB /* MyP4WordUITests */ = {
			isa = PBXGroup;
			children = (
				0D5E92FA20510BB6006BBFDB /* MyP4WordUITests.m */,
				0D5E92FC20510BB6006BBFDB /* Info.plist */,
			);
			path = MyP4WordUITests;
			sourceTree = "<group>";
		};
/* End PBXGroup section */

/* Begin PBXNativeTarget section */
		0D5E92D220510BB5006BBFDB /* MyP4Word */ = {
			isa = PBXNativeTarget;
			buildConfigurationList = 0D5E92FF20510BB6006BBFDB /* Build configuration list for PBXNativeTarget "MyP4Word" */;
			buildPhases = (
				0D5E92CF20510BB5006BBFDB /* Sources */,
				0D5E92D020510BB5006BBFDB /* Frameworks */,
				0D5E92D120510BB5006BBFDB /* Resources */,
			);
			buildRules = (
			);
			dependencies = (
			);
			name = MyP4Word;
			productName = MyP4Word;
			productReference = 0D5E92D320510BB5006BBFDB /* MyP4Word.app */;
			productType = "com.apple.product-type.application";
		};
		0D5E92EA20510BB6006BBFDB /* MyP4WordTests */ = {
			isa = PBXNativeTarget;
			buildConfigurationList = 0D5E930220510BB6006BBFDB /* Build configuration list for PBXNativeTarget "MyP4WordTests" */;
			buildPhases = (
				0D5E92E720510BB6006BBFDB /* Sources */,
				0D5E92E820510BB6006BBFDB /* Frameworks */,
				0D5E92E920510BB6006BBFDB /* Resources */,
			);
			buildRules = (
			);
			dependencies = (
				0D5E92ED20510BB6006BBFDB /* PBXTargetDependency */,
			);
			name = MyP4WordTests;
			productName = MyP4WordTests;
			productReference = 0D5E92EB20510BB6006BBFDB /* MyP4WordTests.xctest */;
			productType = "com.apple.product-type.bundle.unit-test";
		};
		0D5E92F520510BB6006BBFDB /* MyP4WordUITests */ = {
			isa = PBXNativeTarget;
			buildConfigurationList = 0D5E930520510BB6006BBFDB /* Build configuration list for PBXNativeTarget "MyP4WordUITests" */;
			buildPhases = (
				0D5E92F220510BB6006BBFDB /* Sources */,
				0D5E92F320510BB6006BBFDB /* Frameworks */,
				0D5E92F420510BB6006BBFDB /* Resources */,
			);
			buildRules = (
			);
			dependencies = (
				0D5E92F820510BB6006BBFDB /* PBXTargetDependency */,
			);
			name = MyP4WordUITests;
			productName = MyP4WordUITests;
			productReference = 0D5E92F620510BB6006BBFDB /* MyP4WordUITests.xctest */;
			productType = "com.apple.product-type.bundle.ui-testing";
		};
/* End PBXNativeTarget section */

/* Begin PBXProject section */
		0D5E92CB20510BB5006BBFDB /* Project object */ = {
			isa = PBXProject;
			attributes = {
				LastUpgradeCheck = 0920;
				ORGANIZATIONNAME = Murphy;
				TargetAttributes = {
					0D5E92D220510BB5006BBFDB = {
						CreatedOnToolsVersion = 9.2;
						ProvisioningStyle = Automatic;
					};
					0D5E92EA20510BB6006BBFDB = {
						CreatedOnToolsVersion = 9.2;
						ProvisioningStyle = Automatic;
						TestTargetID = 0D5E92D220510BB5006BBFDB;
					};
					0D5E92F520510BB6006BBFDB = {
						CreatedOnToolsVersion = 9.2;
						ProvisioningStyle = Automatic;
						TestTargetID = 0D5E92D220510BB5006BBFDB;
					};
				};
			};
			buildConfigurationList = 0D5E92CE20510BB5006BBFDB /* Build configuration list for PBXProject "MyP4Word" */;
			compatibilityVersion = "Xcode 8.0";
			developmentRegion = en;
			hasScannedForEncodings = 0;
			knownRegions = (
				en,
				Base,
			);
			mainGroup = 0D5E92CA20510BB5006BBFDB;
			productRefGroup = 0D5E92D420510BB5006BBFDB /* Products */;
			projectDirPath = "";
			projectRoot = "";
			targets = (
				0D5E92D220510BB5006BBFDB /* MyP4Word */,
				0D5E92EA20510BB6006BBFDB /* MyP4WordTests */,
				0D5E92F520510BB6006BBFDB /* MyP4WordUITests */,
			);
		};
/* End PBXProject section */

/* Begin PBXResourcesBuildPhase section */
		0D5E92D120510BB5006BBFDB /* Resources */ = {
			isa = PBXResourcesBuildPhase;
			buildActionMask = 2147483647;
			files = (
				0D5E92E320510BB5006BBFDB /* LaunchScreen.storyboard in Resources */,
				0D5E92E020510BB5006BBFDB /* Assets.xcassets in Resources */,
				0D5E92DE20510BB5006BBFDB /* Main.storyboard in Resources */,
			);
			runOnlyForDeploymentPostprocessing = 0;
		};
		0D5E92E920510BB6006BBFDB /* Resources */ = {
			isa = PBXResourcesBuildPhase;
			buildActionMask = 2147483647;
			files = (
			);
			runOnlyForDeploymentPostprocessing = 0;
		};
		0D5E92F420510BB6006BBFDB /* Resources */ = {
			isa = PBXResourcesBuildPhase;
			buildActionMask = 2147483647;
			files = (
			);
			runOnlyForDeploymentPostprocessing = 0;
		};
/* End PBXResourcesBuildPhase section */

/* Begin PBXSourcesBuildPhase section */
		0D5E92CF20510BB5006BBFDB /* Sources */ = {
			isa = PBXSourcesBuildPhase;
			buildActionMask = 2147483647;
			files = (
				0D5E92DB20510BB5006BBFDB /* ViewController.m in Sources */,
				0D5E92E620510BB5006BBFDB /* main.m in Sources */,
				0D5E92D820510BB5006BBFDB /* AppDelegate.m in Sources */,
			);
			runOnlyForDeploymentPostprocessing = 0;
		};
		0D5E92E720510BB6006BBFDB /* Sources */ = {
			isa = PBXSourcesBuildPhase;
			buildActionMask = 2147483647;
			files = (
				0D5E92F020510BB6006BBFDB /* MyP4WordTests.m in Sources */,
			);
			runOnlyForDeploymentPostprocessing = 0;
		};
		0D5E92F220510BB6006BBFDB /* Sources */ = {
			isa = PBXSourcesBuildPhase;
			buildActionMask = 2147483647;
			files = (
				0D5E92FB20510BB6006BBFDB /* MyP4WordUITests.m in Sources */,
			);
			runOnlyForDeploymentPostprocessing = 0;
		};
/* End PBXSourcesBuildPhase section */

/* Begin PBXTargetDependency section */
		0D5E92ED20510BB6006BBFDB /* PBXTargetDependency */ = {
			isa = PBXTargetDependency;
			target = 0D5E92D220510BB5006BBFDB /* MyP4Word */;
			targetProxy = 0D5E92EC20510BB6006BBFDB /* PBXContainerItemProxy */;
		};
		0D5E92F820510BB6006BBFDB /* PBXTargetDependency */ = {
			isa = PBXTargetDependency;
			target = 0D5E92D220510BB5006BBFDB /* MyP4Word */;
			targetProxy = 0D5E92F720510BB6006BBFDB /* PBXContainerItemProxy */;
		};
/* End PBXTargetDependency section */

/* Begin PBXVariantGroup section */
		0D5E92DC20510BB5006BBFDB /* Main.storyboard */ = {
			isa = PBXVariantGroup;
			children = (
				0D5E92DD20510BB5006BBFDB /* Base */,
			);
			name = Main.storyboard;
			sourceTree = "<group>";
		};
		0D5E92E120510BB5006BBFDB /* LaunchScreen.storyboard */ = {
			isa = PBXVariantGroup;
			children = (
				0D5E92E220510BB5006BBFDB /* Base */,
			);
			name = LaunchScreen.storyboard;
			sourceTree = "<group>";
		};
/* End PBXVariantGroup section */

/* Begin XCBuildConfiguration section */
		0D5E92FD20510BB6006BBFDB /* Debug */ = {
			isa = XCBuildConfiguration;
			buildSettings = {
				ALWAYS_SEARCH_USER_PATHS = NO;
				CLANG_ANALYZER_NONNULL = YES;
				CLANG_ANALYZER_NUMBER_OBJECT_CONVERSION = YES_AGGRESSIVE;
				CLANG_CXX_LANGUAGE_STANDARD = "gnu++14";
				CLANG_CXX_LIBRARY = "libc++";
				CLANG_ENABLE_MODULES = YES;
				CLANG_ENABLE_OBJC_ARC = YES;
				CLANG_WARN_BLOCK_CAPTURE_AUTORELEASING = YES;
				CLANG_WARN_BOOL_CONVERSION = YES;
				CLANG_WARN_COMMA = YES;
				CLANG_WARN_CONSTANT_CONVERSION = YES;
				CLANG_WARN_DIRECT_OBJC_ISA_USAGE = YES_ERROR;
				CLANG_WARN_DOCUMENTATION_COMMENTS = YES;
				CLANG_WARN_EMPTY_BODY = YES;
				CLANG_WARN_ENUM_CONVERSION = YES;
				CLANG_WARN_INFINITE_RECURSION = YES;
				CLANG_WARN_INT_CONVERSION = YES;
				CLANG_WARN_NON_LITERAL_NULL_CONVERSION = YES;
				CLANG_WARN_OBJC_LITERAL_CONVERSION = YES;
				CLANG_WARN_OBJC_ROOT_CLASS = YES_ERROR;
				CLANG_WARN_RANGE_LOOP_ANALYSIS = YES;
				CLANG_WARN_STRICT_PROTOTYPES = YES;
				CLANG_WARN_SUSPICIOUS_MOVE = YES;
				CLANG_WARN_UNGUARDED_AVAILABILITY = YES_AGGRESSIVE;
				CLANG_WARN_UNREACHABLE_CODE = YES;
				CLANG_WARN__DUPLICATE_METHOD_MATCH = YES;
				CODE_SIGN_IDENTITY = "iPhone Developer";
				COPY_PHASE_STRIP = NO;
				DEBUG_INFORMATION_FORMAT = dwarf;
				ENABLE_STRICT_OBJC_MSGSEND = YES;
				ENABLE_TESTABILITY = YES;
				GCC_C_LANGUAGE_STANDARD = gnu11;
				GCC_DYNAMIC_NO_PIC = NO;
				GCC_NO_COMMON_BLOCKS = YES;
				GCC_OPTIMIZATION_LEVEL = 0;
				GCC_PREPROCESSOR_DEFINITIONS = (
					"DEBUG=1",
					"$(inherited)",
				);
				GCC_WARN_64_TO_32_BIT_CONVERSION = YES;
				GCC_WARN_ABOUT_RETURN_TYPE = YES_ERROR;
				GCC_WARN_UNDECLARED_SELECTOR = YES;
				GCC_WARN_UNINITIALIZED_AUTOS = YES_AGGRESSIVE;
				GCC_WARN_UNUSED_FUNCTION = YES;
				GCC_WARN_UNUSED_VARIABLE = YES;
				IPHONEOS_DEPLOYMENT_TARGET = 11.2;
				MTL_ENABLE_DEBUG_INFO = YES;
				ONLY_ACTIVE_ARCH = YES;
				SDKROOT = iphoneos;
			};
			name = Debug;
		};
		0D5E92FE20510BB6006BBFDB /* Release */ = {
			isa = XCBuildConfiguration;
			buildSettings = {
				ALWAYS_SEARCH_USER_PATHS = NO;
				CLANG_ANALYZER_NONNULL = YES;
				CLANG_ANALYZER_NUMBER_OBJECT_CONVERSION = YES_AGGRESSIVE;
				CLANG_CXX_LANGUAGE_STANDARD = "gnu++14";
				CLANG_CXX_LIBRARY = "libc++";
				CLANG_ENABLE_MODULES = YES;
				CLANG_ENABLE_OBJC_ARC = YES;
				CLANG_WARN_BLOCK_CAPTURE_AUTORELEASING = YES;
				CLANG_WARN_BOOL_CONVERSION = YES;
				CLANG_WARN_COMMA = YES;
				CLANG_WARN_CONSTANT_CONVERSION = YES;
				CLANG_WARN_DIRECT_OBJC_ISA_USAGE = YES_ERROR;
				CLANG_WARN_DOCUMENTATION_COMMENTS = YES;
				CLANG_WARN_EMPTY_BODY = YES;
				CLANG_WARN_ENUM_CONVERSION = YES;
				CLANG_WARN_INFINITE_RECURSION = YES;
				CLANG_WARN_INT_CONVERSION = YES;
				CLANG_WARN_NON_LITERAL_NULL_CONVERSION = YES;
				CLANG_WARN_OBJC_LITERAL_CONVERSION = YES;
				CLANG_WARN_OBJC_ROOT_CLASS = YES_ERROR;
				CLANG_WARN_RANGE_LOOP_ANALYSIS = YES;
				CLANG_WARN_STRICT_PROTOTYPES = YES;
				CLANG_WARN_SUSPICIOUS_MOVE = YES;
				CLANG_WARN_UNGUARDED_AVAILABILITY = YES_AGGRESSIVE;
				CLANG_WARN_UNREACHABLE_CODE = YES;
				CLANG_WARN__DUPLICATE_METHOD_MATCH = YES;
				CODE_SIGN_IDENTITY = "iPhone Developer";
				COPY_PHASE_STRIP = NO;
				DEBUG_INFORMATION_FORMAT = "dwarf-with-dsym";
				ENABLE_NS_ASSERTIONS = NO;
				ENABLE_STRICT_OBJC_MSGSEND = YES;
				GCC_C_LANGUAGE_STANDARD = gnu11;
				GCC_NO_COMMON_BLOCKS = YES;
				GCC_WARN_64_TO_32_BIT_CONVERSION = YES;
				GCC_WARN_ABOUT_RETURN_TYPE = YES_ERROR;
				GCC_WARN_UNDECLARED_SELECTOR = YES;
				GCC_WARN_UNINITIALIZED_AUTOS = YES_AGGRESSIVE;
				GCC_WARN_UNUSED_FUNCTION = YES;
				GCC_WARN_UNUSED_VARIABLE = YES;
				IPHONEOS_DEPLOYMENT_TARGET = 11.2;
				MTL_ENABLE_DEBUG_INFO = NO;
				SDKROOT = iphoneos;
				VALIDATE_PRODUCT = YES;
			};
			name = Release;
		};
		0D5E930020510BB6006BBFDB /* Debug */ = {
			isa = XCBuildConfiguration;
			buildSettings = {
				ASSETCATALOG_COMPILER_APPICON_NAME = AppIcon;
				CODE_SIGN_STYLE = Automatic;
				INFOPLIST_FILE = MyP4Word/Info.plist;
				LD_RUNPATH_SEARCH_PATHS = "$(inherited) @executable_path/Frameworks";
				PRODUCT_BUNDLE_IDENTIFIER = com.murphy.MyP4Word;
				PRODUCT_NAME = "$(TARGET_NAME)";
				TARGETED_DEVICE_FAMILY = "1,2";
			};
			name = Debug;
		};
		0D5E930120510BB6006BBFDB /* Release */ = {
			isa = XCBuildConfiguration;
			buildSettings = {
				ASSETCATALOG_COMPILER_APPICON_NAME = AppIcon;
				CODE_SIGN_STYLE = Automatic;
				INFOPLIST_FILE = MyP4Word/Info.plist;
				LD_RUNPATH_SEARCH_PATHS = "$(inherited) @executable_path/Frameworks";
				PRODUCT_BUNDLE_IDENTIFIER = com.murphy.MyP4Word;
				PRODUCT_NAME = "$(TARGET_NAME)";
				TARGETED_DEVICE_FAMILY = "1,2";
			};
			name = Release;
		};
		0D5E930320510BB6006BBFDB /* Debug */ = {
			isa = XCBuildConfiguration;
			buildSettings = {
				BUNDLE_LOADER = "$(TEST_HOST)";
				CODE_SIGN_STYLE = Automatic;
				INFOPLIST_FILE = MyP4WordTests/Info.plist;
				LD_RUNPATH_SEARCH_PATHS = "$(inherited) @executable_path/Frameworks @loader_path/Frameworks";
				PRODUCT_BUNDLE_IDENTIFIER = com.murphy.MyP4WordTests;
				PRODUCT_NAME = "$(TARGET_NAME)";
				TARGETED_DEVICE_FAMILY = "1,2";
				TEST_HOST = "$(BUILT_PRODUCTS_DIR)/MyP4Word.app/MyP4Word";
			};
			name = Debug;
		};
		0D5E930420510BB6006BBFDB /* Release */ = {
			isa = XCBuildConfiguration;
			buildSettings = {
				BUNDLE_LOADER = "$(TEST_HOST)";
				CODE_SIGN_STYLE = Automatic;
				INFOPLIST_FILE = MyP4WordTests/Info.plist;
				LD_RUNPATH_SEARCH_PATHS = "$(inherited) @executable_path/Frameworks @loader_path/Frameworks";
				PRODUCT_BUNDLE_IDENTIFIER = com.murphy.MyP4WordTests;
				PRODUCT_NAME = "$(TARGET_NAME)";
				TARGETED_DEVICE_FAMILY = "1,2";
				TEST_HOST = "$(BUILT_PRODUCTS_DIR)/MyP4Word.app/MyP4Word";
			};
			name = Release;
		};
		0D5E930620510BB6006BBFDB /* Debug */ = {
			isa = XCBuildConfiguration;
			buildSettings = {
				CODE_SIGN_STYLE = Automatic;
				INFOPLIST_FILE = MyP4WordUITests/Info.plist;
				LD_RUNPATH_SEARCH_PATHS = "$(inherited) @executable_path/Frameworks @loader_path/Frameworks";
				PRODUCT_BUNDLE_IDENTIFIER = com.murphy.MyP4WordUITests;
				PRODUCT_NAME = "$(TARGET_NAME)";
				TARGETED_DEVICE_FAMILY = "1,2";
				TEST_TARGET_NAME = MyP4Word;
			};
			name = Debug;
		};
		0D5E930720510BB6006BBFDB /* Release */ = {
			isa = XCBuildConfiguration;
			buildSettings = {
				CODE_SIGN_STYLE = Automatic;
				INFOPLIST_FILE = MyP4WordUITests/Info.plist;
				LD_RUNPATH_SEARCH_PATHS = "$(inherited) @executable_path/Frameworks @loader_path/Frameworks";
				PRODUCT_BUNDLE_IDENTIFIER = com.murphy.MyP4WordUITests;
				PRODUCT_NAME = "$(TARGET_NAME)";
				TARGETED_DEVICE_FAMILY = "1,2";
				TEST_TARGET_NAME = MyP4Word;
			};
			name = Release;
		};
/* End XCBuildConfiguration section */

/* Begin XCConfigurationList section */
		0D5E92CE20510BB5006BBFDB /* Build configuration list for PBXProject "MyP4Word" */ = {
			isa = XCConfigurationList;
			buildConfigurations = (
				0D5E92FD20510BB6006BBFDB /* Debug */,
				0D5E92FE20510BB6006BBFDB /* Release */,
			);
			defaultConfigurationIsVisible = 0;
			defaultConfigurationName = Release;
		};
		0D5E92FF20510BB6006BBFDB /* Build configuration list for PBXNativeTarget "MyP4Word" */ = {
			isa = XCConfigurationList;
			buildConfigurations = (
				0D5E930020510BB6006BBFDB /* Debug */,
				0D5E930120510BB6006BBFDB /* Release */,
			);
			defaultConfigurationIsVisible = 0;
			defaultConfigurationName = Release;
		};
		0D5E930220510BB6006BBFDB /* Build configuration list for PBXNativeTarget "MyP4WordTests" */ = {
			isa = XCConfigurationList;
			buildConfigurations = (
				0D5E930320510BB6006BBFDB /* Debug */,
				0D5E930420510BB6006BBFDB /* Release */,
			);
			defaultConfigurationIsVisible = 0;
			defaultConfigurationName = Release;
		};
		0D5E930520510BB6006BBFDB /* Build configuration list for PBXNativeTarget "MyP4WordUITests" */ = {
			isa = XCConfigurationList;
			buildConfigurations = (
				0D5E930620510BB6006BBFDB /* Debug */,
				0D5E930720510BB6006BBFDB /* Release */,
			);
			defaultConfigurationIsVisible = 0;
			defaultConfigurationName = Release;
		};
/* End XCConfigurationList section */
	};
	rootObject = 0D5E92CB20510BB5006BBFDB /* Project object */;
}
